
Microsoft Visual Studio Solution File, Format Version 12.00
# Visual Studio Version 17
VisualStudioVersion = 17.14.36401.2 d17.14
MinimumVisualStudioVersion = 10.0.40219.1
Project("{FAE04EC0-301F-11D3-BF4B-00C04F79EFBC}") = "WebApi", "WebApi\WebApi.csproj", "{D288D1B1-7404-41D3-AFC5-F01698B9F322}"
EndProject
Global
	GlobalSection(SolutionConfigurationPlatforms) = preSolution
		Debug|Any CPU = Debug|Any CPU
		Release|Any CPU = Release|Any CPU
	EndGlobalSection
	GlobalSection(ProjectConfigurationPlatforms) = postSolution
		{D288D1B1-7404-41D3-AFC5-F01698B9F322}.Debug|Any CPU.ActiveCfg = Debug|Any CPU
		{D288D1B1-7404-41D3-AFC5-F01698B9F322}.Debug|Any CPU.Build.0 = Debug|Any CPU
		{D288D1B1-7404-41D3-AFC5-F01698B9F322}.Release|Any CPU.ActiveCfg = Release|Any CPU
		{D288D1B1-7404-41D3-AFC5-F01698B9F322}.Release|Any CPU.Build.0 = Release|Any CPU
	EndGlobalSection
	GlobalSection(SolutionProperties) = preSolution
		HideSolutionNode = FALSE
	EndGlobalSection
	GlobalSection(ExtensibilityGlobals) = postSolution
		SolutionGuid = {579F4E1B-1A52-4098-9C42-A513FEB02D33}
	EndGlobalSection
EndGlobal
